// !$*UTF8*$!
{
	archiveVersion = 1;
	classes = {
	};
	objectVersion = 56;
	objects = {

/* Begin PBXBuildFile section */
		A1000000000000000000002B /* AppDelegate.swift in Sources */ = {isa = PBXBuildFile; fileRef = A1000000000000000000001C /* AppDelegate.swift */; };
		A10000000000000000000021 /* AppState.swift in Sources */ = {isa = PBXBuildFile; fileRef = A10000000000000000000011 /* AppState.swift */; };
		A10000000000000000000022 /* ClipboardApp.swift in Sources */ = {isa = PBXBuildFile; fileRef = A10000000000000000000012 /* ClipboardApp.swift */; };
		A10000000000000000000023 /* ClipboardItem.swift in Sources */ = {isa = PBXBuildFile; fileRef = A10000000000000000000013 /* ClipboardItem.swift */; };
		A10000000000000000000024 /* ClipboardWatcher.swift in Sources */ = {isa = PBXBuildFile; fileRef = A10000000000000000000014 /* ClipboardWatcher.swift */; };
		A10000000000000000000025 /* HistoryStore.swift in Sources */ = {isa = PBXBuildFile; fileRef = A10000000000000000000015 /* HistoryStore.swift */; };
		A10000000000000000000026 /* HistoryWindowView.swift in Sources */ = {isa = PBXBuildFile; fileRef = A10000000000000000000016 /* HistoryWindowView.swift */; };
		A10000000000000000000027 /* LaunchAtLoginService.swift in Sources */ = {isa = PBXBuildFile; fileRef = A10000000000000000000017 /* LaunchAtLoginService.swift */; };
		A10000000000000000000028 /* MenuBarView.swift in Sources */ = {isa = PBXBuildFile; fileRef = A10000000000000000000018 /* MenuBarView.swift */; };
		A10000000000000000000029 /* NSImage+PNG.swift in Sources */ = {isa = PBXBuildFile; fileRef = A10000000000000000000019 /* NSImage+PNG.swift */; };
		A1000000000000000000002A /* SettingsView.swift in Sources */ = {isa = PBXBuildFile; fileRef = A1000000000000000000001A /* SettingsView.swift */; };
		B5884BB62F61EBE200C7A888 /* Assets.xcassets in Resources */ = {isa = PBXBuildFile; fileRef = B5884BB52F61EBE200C7A888 /* Assets.xcassets */; };
/* End PBXBuildFile section */

/* Begin PBXFileReference section */
		A10000000000000000000006 /* ClipboardApp.app */ = {isa = PBXFileReference; explicitFileType = wrapper.application; includeInIndex = 0; path = ClipboardApp.app; sourceTree = BUILT_PRODUCTS_DIR; };
		A10000000000000000000011 /* AppState.swift */ = {isa = PBXFileReference; lastKnownFileType = sourcecode.swift; path = AppState.swift; sourceTree = "<group>"; };
		A10000000000000000000012 /* ClipboardApp.swift */ = {isa = PBXFileReference; lastKnownFileType = sourcecode.swift; path = ClipboardApp.swift; sourceTree = "<group>"; };
		A10000000000000000000013 /* ClipboardItem.swift */ = {isa = PBXFileReference; lastKnownFileType = sourcecode.swift; path = ClipboardItem.swift; sourceTree = "<group>"; };
		A10000000000000000000014 /* ClipboardWatcher.swift */ = {isa = PBXFileReference; lastKnownFileType = sourcecode.swift; path = ClipboardWatcher.swift; sourceTree = "<group>"; };
		A10000000000000000000015 /* HistoryStore.swift */ = {isa = PBXFileReference; lastKnownFileType = sourcecode.swift; path = HistoryStore.swift; sourceTree = "<group>"; };
		A10000000000000000000016 /* HistoryWindowView.swift */ = {isa = PBXFileReference; lastKnownFileType = sourcecode.swift; path = HistoryWindowView.swift; sourceTree = "<group>"; };
		A10000000000000000000017 /* LaunchAtLoginService.swift */ = {isa = PBXFileReference; lastKnownFileType = sourcecode.swift; path = LaunchAtLoginService.swift; sourceTree = "<group>"; };
		A10000000000000000000018 /* MenuBarView.swift */ = {isa = PBXFileReference; lastKnownFileType = sourcecode.swift; path = MenuBarView.swift; sourceTree = "<group>"; };
		A10000000000000000000019 /* NSImage+PNG.swift */ = {isa = PBXFileReference; lastKnownFileType = sourcecode.swift; path = "NSImage+PNG.swift"; sourceTree = "<group>"; };
		A1000000000000000000001A /* SettingsView.swift */ = {isa = PBXFileReference; lastKnownFileType = sourcecode.swift; path = SettingsView.swift; sourceTree = "<group>"; };
		A1000000000000000000001B /* Info.plist */ = {isa = PBXFileReference; lastKnownFileType = text.plist.xml; path = Info.plist; sourceTree = "<group>"; };
		A1000000000000000000001C /* AppDelegate.swift */ = {isa = PBXFileReference; lastKnownFileType = sourcecode.swift; path = AppDelegate.swift; sourceTree = "<group>"; };
		B5884BB52F61EBE200C7A888 /* Assets.xcassets */ = {isa = PBXFileReference; lastKnownFileType = folder.assetcatalog; path = Assets.xcassets; sourceTree = "<group>"; };
/* End PBXFileReference section */

/* Begin PBXFrameworksBuildPhase section */
		A1000000000000000000000B /* Frameworks */ = {
			isa = PBXFrameworksBuildPhase;
			buildActionMask = 2147483647;
			files = (
			);
			runOnlyForDeploymentPostprocessing = 0;
		};
/* End PBXFrameworksBuildPhase section */

/* Begin PBXGroup section */
		A10000000000000000000002 = {
			isa = PBXGroup;
			children = (
				B5884BB52F61EBE200C7A888 /* Assets.xcassets */,
				A10000000000000000000004 /* Sources/clipboard */,
				A10000000000000000000005 /* ClipboardApp */,
				A10000000000000000000003 /* Products */,
			);
			sourceTree = "<group>";
		};
		A10000000000000000000003 /* Products */ = {
			isa = PBXGroup;
			children = (
				A10000000000000000000006 /* ClipboardApp.app */,
			);
			name = Products;
			sourceTree = "<group>";
		};
		A10000000000000000000004 /* Sources/clipboard */ = {
			isa = PBXGroup;
			children = (
				A1000000000000000000001C /* AppDelegate.swift */,
				A10000000000000000000011 /* AppState.swift */,
				A10000000000000000000012 /* ClipboardApp.swift */,
				A10000000000000000000013 /* ClipboardItem.swift */,
				A10000000000000000000014 /* ClipboardWatcher.swift */,
				A10000000000000000000015 /* HistoryStore.swift */,
				A10000000000000000000016 /* HistoryWindowView.swift */,
				A10000000000000000000017 /* LaunchAtLoginService.swift */,
				A10000000000000000000018 /* MenuBarView.swift */,
				A10000000000000000000019 /* NSImage+PNG.swift */,
				A1000000000000000000001A /* SettingsView.swift */,
			);
			path = Sources/clipboard;
			sourceTree = SOURCE_ROOT;
		};
		A10000000000000000000005 /* ClipboardApp */ = {
			isa = PBXGroup;
			children = (
				A1000000000000000000001B /* Info.plist */,
			);
			path = ClipboardApp;
			sourceTree = SOURCE_ROOT;
		};
/* End PBXGroup section */

/* Begin PBXNativeTarget section */
		A10000000000000000000007 /* ClipboardApp */ = {
			isa = PBXNativeTarget;
			buildConfigurationList = A10000000000000000000009 /* Build configuration list for PBXNativeTarget "ClipboardApp" */;
			buildPhases = (
				A1000000000000000000000A /* Sources */,
				A1000000000000000000000B /* Frameworks */,
				A1000000000000000000000C /* Resources */,
			);
			buildRules = (
			);
			dependencies = (
			);
			name = ClipboardApp;
			productName = ClipboardApp;
			productReference = A10000000000000000000006 /* ClipboardApp.app */;
			productType = "com.apple.product-type.application";
		};
/* End PBXNativeTarget section */

/* Begin PBXProject section */
		A10000000000000000000001 /* Project object */ = {
			isa = PBXProject;
			attributes = {
				BuildIndependentTargetsInParallel = 1;
				LastSwiftUpdateCheck = 2600;
				LastUpgradeCheck = 2600;
				TargetAttributes = {
					A10000000000000000000007 = {
						CreatedOnToolsVersion = 26.3;
					};
				};
			};
			buildConfigurationList = A10000000000000000000008 /* Build configuration list for PBXProject "ClipboardApp" */;
			compatibilityVersion = "Xcode 14.0";
			developmentRegion = en;
			hasScannedForEncodings = 0;
			knownRegions = (
				en,
				Base,
			);
			mainGroup = A10000000000000000000002;
			productRefGroup = A10000000000000000000003 /* Products */;
			projectDirPath = "";
			projectRoot = "";
			targets = (
				A10000000000000000000007 /* ClipboardApp */,
			);
		};
/* End PBXProject section */

/* Begin PBXResourcesBuildPhase section */
		A1000000000000000000000C /* Resources */ = {
			isa = PBXResourcesBuildPhase;
			buildActionMask = 2147483647;
			files = (
				B5884BB62F61EBE200C7A888 /* Assets.xcassets in Resources */,
			);
			runOnlyForDeploymentPostprocessing = 0;
		};
/* End PBXResourcesBuildPhase section */

/* Begin PBXSourcesBuildPhase section */
		A1000000000000000000000A /* Sources */ = {
			isa = PBXSourcesBuildPhase;
			buildActionMask = 2147483647;
			files = (
				A1000000000000000000002B /* AppDelegate.swift in Sources */,
				A10000000000000000000021 /* AppState.swift in Sources */,
				A10000000000000000000022 /* ClipboardApp.swift in Sources */,
				A10000000000000000000023 /* ClipboardItem.swift in Sources */,
				A10000000000000000000024 /* ClipboardWatcher.swift in Sources */,
				A10000000000000000000025 /* HistoryStore.swift in Sources */,
				A10000000000000000000026 /* HistoryWindowView.swift in Sources */,
				A10000000000000000000027 /* LaunchAtLoginService.swift in Sources */,
				A10000000000000000000028 /* MenuBarView.swift in Sources */,
				A10000000000000000000029 /* NSImage+PNG.swift in Sources */,
				A1000000000000000000002A /* SettingsView.swift in Sources */,
			);
			runOnlyForDeploymentPostprocessing = 0;
		};
/* End PBXSourcesBuildPhase section */

/* Begin XCBuildConfiguration section */
		A1000000000000000000000D /* Debug */ = {
			isa = XCBuildConfiguration;
			buildSettings = {
				MACOSX_DEPLOYMENT_TARGET = 13.0;
				SDKROOT = macosx;
			};
			name = Debug;
		};
		A1000000000000000000000E /* Release */ = {
			isa = XCBuildConfiguration;
			buildSettings = {
				MACOSX_DEPLOYMENT_TARGET = 13.0;
				SDKROOT = macosx;
			};
			name = Release;
		};
		A1000000000000000000000F /* Debug */ = {
			isa = XCBuildConfiguration;
			buildSettings = {
				ALWAYS_SEARCH_USER_PATHS = NO;
				ASSETCATALOG_COMPILER_APPICON_NAME = AppIcon;
				ASSETCATALOG_COMPILER_INCLUDE_ALL_APPICON_ASSETS = YES;
				CODE_SIGN_IDENTITY = "Apple Development";
				CODE_SIGN_STYLE = Automatic;
				CURRENT_PROJECT_VERSION = 1;
				DEVELOPMENT_TEAM = N6AJ489VRP;
				ENABLE_HARDENED_RUNTIME = YES;
				GENERATE_INFOPLIST_FILE = NO;
				INFOPLIST_FILE = ClipboardApp/Info.plist;
				INFOPLIST_KEY_LSBackgroundOnly = NO;
				INFOPLIST_KEY_LSUIElement = NO;
				LD_RUNPATH_SEARCH_PATHS = (
					"$(inherited)",
					"@executable_path/../Frameworks",
				);
				MACOSX_DEPLOYMENT_TARGET = 13.0;
				MARKETING_VERSION = 1.0;
				PRODUCT_BUNDLE_IDENTIFIER = com.sagarvarma.clipboard;
				PRODUCT_NAME = "$(TARGET_NAME)";
				PROVISIONING_PROFILE_SPECIFIER = "";
				SDKROOT = macosx;
				SWIFT_EMIT_LOC_STRINGS = YES;
				SWIFT_VERSION = 6.0;
			};
			name = Debug;
		};
		A10000000000000000000010 /* Release */ = {
			isa = XCBuildConfiguration;
			buildSettings = {
				ALWAYS_SEARCH_USER_PATHS = NO;
				ASSETCATALOG_COMPILER_APPICON_NAME = AppIcon;
				ASSETCATALOG_COMPILER_INCLUDE_ALL_APPICON_ASSETS = YES;
				CODE_SIGN_IDENTITY = "Apple Development";
				CODE_SIGN_STYLE = Automatic;
				CURRENT_PROJECT_VERSION = 1;
				DEVELOPMENT_TEAM = N6AJ489VRP;
				ENABLE_HARDENED_RUNTIME = YES;
				GENERATE_INFOPLIST_FILE = NO;
				INFOPLIST_FILE = ClipboardApp/Info.plist;
				INFOPLIST_KEY_LSBackgroundOnly = NO;
				INFOPLIST_KEY_LSUIElement = NO;
				LD_RUNPATH_SEARCH_PATHS = (
					"$(inherited)",
					"@executable_path/../Frameworks",
				);
				MACOSX_DEPLOYMENT_TARGET = 13.0;
				MARKETING_VERSION = 1.0;
				PRODUCT_BUNDLE_IDENTIFIER = com.sagarvarma.clipboard;
				PRODUCT_NAME = "$(TARGET_NAME)";
				PROVISIONING_PROFILE_SPECIFIER = "";
				SDKROOT = macosx;
				SWIFT_EMIT_LOC_STRINGS = YES;
				SWIFT_VERSION = 6.0;
			};
			name = Release;
		};
/* End XCBuildConfiguration section */

/* Begin XCConfigurationList section */
		A10000000000000000000008 /* Build configuration list for PBXProject "ClipboardApp" */ = {
			isa = XCConfigurationList;
			buildConfigurations = (
				A1000000000000000000000D /* Debug */,
				A1000000000000000000000E /* Release */,
			);
			defaultConfigurationIsVisible = 0;
			defaultConfigurationName = Release;
		};
		A10000000000000000000009 /* Build configuration list for PBXNativeTarget "ClipboardApp" */ = {
			isa = XCConfigurationList;
			buildConfigurations = (
				A1000000000000000000000F /* Debug */,
				A10000000000000000000010 /* Release */,
			);
			defaultConfigurationIsVisible = 0;
			defaultConfigurationName = Release;
		};
/* End XCConfigurationList section */
	};
	rootObject = A10000000000000000000001 /* Project object */;
}
